// !$*UTF8*$!
{
	archiveVersion = 1;
	classes = {
	};
	objectVersion = 50;
	objects = {

/* Begin PBXBuildFile section */
		BAC4CF162330A52400994BBA /* AppDelegate.swift in Sources */ = {isa = PBXBuildFile; fileRef = BAC4CF152330A52400994BBA /* AppDelegate.swift */; };
		BAC4CF182330A52400994BBA /* ViewController.swift in Sources */ = {isa = PBXBuildFile; fileRef = BAC4CF172330A52400994BBA /* ViewController.swift */; };
		BAC4CF1B2330A52400994BBA /* Main.storyboard in Resources */ = {isa = PBXBuildFile; fileRef = BAC4CF192330A52400994BBA /* Main.storyboard */; };
		BAC4CF1D2330A52400994BBA /* Assets.xcassets in Resources */ = {isa = PBXBuildFile; fileRef = BAC4CF1C2330A52400994BBA /* Assets.xcassets */; };
		BAC4CF202330A52400994BBA /* LaunchScreen.storyboard in Resources */ = {isa = PBXBuildFile; fileRef = BAC4CF1E2330A52400994BBA /* LaunchScreen.storyboard */; };
		BAC4CF2B2330A52400994BBA /* Be_Right_BackTests.swift in Sources */ = {isa = PBXBuildFile; fileRef = BAC4CF2A2330A52400994BBA /* Be_Right_BackTests.swift */; };
		BAC4CF362330A52400994BBA /* Be_Right_BackUITests.swift in Sources */ = {isa = PBXBuildFile; fileRef = BAC4CF352330A52400994BBA /* Be_Right_BackUITests.swift */; };
/* End PBXBuildFile section */

/* Begin PBXContainerItemProxy section */
		BAC4CF272330A52400994BBA /* PBXContainerItemProxy */ = {
			isa = PBXContainerItemProxy;
			containerPortal = BAC4CF0A2330A52400994BBA /* Project object */;
			proxyType = 1;
			remoteGlobalIDString = BAC4CF112330A52400994BBA;
			remoteInfo = "Be Right Back";
		};
		BAC4CF322330A52400994BBA /* PBXContainerItemProxy */ = {
			isa = PBXContainerItemProxy;
			containerPortal = BAC4CF0A2330A52400994BBA /* Project object */;
			proxyType = 1;
			remoteGlobalIDString = BAC4CF112330A52400994BBA;
			remoteInfo = "Be Right Back";
		};
/* End PBXContainerItemProxy section */

/* Begin PBXFileReference section */
		BAC4CF122330A52400994BBA /* Be Right Back.app */ = {isa = PBXFileReference; explicitFileType = wrapper.application; includeInIndex = 0; path = "Be Right Back.app"; sourceTree = BUILT_PRODUCTS_DIR; };
		BAC4CF152330A52400994BBA /* AppDelegate.swift */ = {isa = PBXFileReference; lastKnownFileType = sourcecode.swift; path = AppDelegate.swift; sourceTree = "<group>"; };
		BAC4CF172330A52400994BBA /* ViewController.swift */ = {isa = PBXFileReference; lastKnownFileType = sourcecode.swift; path = ViewController.swift; sourceTree = "<group>"; };
		BAC4CF1A2330A52400994BBA /* Base */ = {isa = PBXFileReference; lastKnownFileType = file.storyboard; name = Base; path = Base.lproj/Main.storyboard; sourceTree = "<group>"; };
		BAC4CF1C2330A52400994BBA /* Assets.xcassets */ = {isa = PBXFileReference; lastKnownFileType = folder.assetcatalog; path = Assets.xcassets; sourceTree = "<group>"; };
		BAC4CF1F2330A52400994BBA /* Base */ = {isa = PBXFileReference; lastKnownFileType = file.storyboard; name = Base; path = Base.lproj/LaunchScreen.storyboard; sourceTree = "<group>"; };
		BAC4CF212330A52400994BBA /* Info.plist */ = {isa = PBXFileReference; lastKnownFileType = text.plist.xml; path = Info.plist; sourceTree = "<group>"; };
		BAC4CF262330A52400994BBA /* Be Right BackTests.xctest */ = {isa = PBXFileReference; explicitFileType = wrapper.cfbundle; includeInIndex = 0; path = "Be Right BackTests.xctest"; sourceTree = BUILT_PRODUCTS_DIR; };
		BAC4CF2A2330A52400994BBA /* Be_Right_BackTests.swift */ = {isa = PBXFileReference; lastKnownFileType = sourcecode.swift; path = Be_Right_BackTests.swift; sourceTree = "<group>"; };
		BAC4CF2C2330A52400994BBA /* Info.plist */ = {isa = PBXFileReference; lastKnownFileType = text.plist.xml; path = Info.plist; sourceTree = "<group>"; };
		BAC4CF312330A52400994BBA /* Be Right BackUITests.xctest */ = {isa = PBXFileReference; explicitFileType = wrapper.cfbundle; includeInIndex = 0; path = "Be Right BackUITests.xctest"; sourceTree = BUILT_PRODUCTS_DIR; };
		BAC4CF352330A52400994BBA /* Be_Right_BackUITests.swift */ = {isa = PBXFileReference; lastKnownFileType = sourcecode.swift; path = Be_Right_BackUITests.swift; sourceTree = "<group>"; };
		BAC4CF372330A52400994BBA /* Info.plist */ = {isa = PBXFileReference; lastKnownFileType = text.plist.xml; path = Info.plist; sourceTree = "<group>"; };
/* End PBXFileReference section */

/* Begin PBXFrameworksBuildPhase section */
		BAC4CF0F2330A52400994BBA /* Frameworks */ = {
			isa = PBXFrameworksBuildPhase;
			buildActionMask = 2147483647;
			files = (
			);
			runOnlyForDeploymentPostprocessing = 0;
		};
		BAC4CF232330A52400994BBA /* Frameworks */ = {
			isa = PBXFrameworksBuildPhase;
			buildActionMask = 2147483647;
			files = (
			);
			runOnlyForDeploymentPostprocessing = 0;
		};
		BAC4CF2E2330A52400994BBA /* Frameworks */ = {
			isa = PBXFrameworksBuildPhase;
			buildActionMask = 2147483647;
			files = (
			);
			runOnlyForDeploymentPostprocessing = 0;
		};
/* End PBXFrameworksBuildPhase section */

/* Begin PBXGroup section */
		BAC4CF092330A52400994BBA = {
			isa = PBXGroup;
			children = (
				BAC4CF142330A52400994BBA /* Be Right Back */,
				BAC4CF292330A52400994BBA /* Be Right BackTests */,
				BAC4CF342330A52400994BBA /* Be Right BackUITests */,
				BAC4CF132330A52400994BBA /* Products */,
			);
			sourceTree = "<group>";
		};
		BAC4CF132330A52400994BBA /* Products */ = {
			isa = PBXGroup;
			children = (
				BAC4CF122330A52400994BBA /* Be Right Back.app */,
				BAC4CF262330A52400994BBA /* Be Right BackTests.xctest */,
				BAC4CF312330A52400994BBA /* Be Right BackUITests.xctest */,
			);
			name = Products;
			sourceTree = "<group>";
		};
		BAC4CF142330A52400994BBA /* Be Right Back */ = {
			isa = PBXGroup;
			children = (
				BAC4CF152330A52400994BBA /* AppDelegate.swift */,
				BAC4CF172330A52400994BBA /* ViewController.swift */,
				BAC4CF192330A52400994BBA /* Main.storyboard */,
				BAC4CF1C2330A52400994BBA /* Assets.xcassets */,
				BAC4CF1E2330A52400994BBA /* LaunchScreen.storyboard */,
				BAC4CF212330A52400994BBA /* Info.plist */,
			);
			path = "Be Right Back";
			sourceTree = "<group>";
		};
		BAC4CF292330A52400994BBA /* Be Right BackTests */ = {
			isa = PBXGroup;
			children = (
				BAC4CF2A2330A52400994BBA /* Be_Right_BackTests.swift */,
				BAC4CF2C2330A52400994BBA /* Info.plist */,
			);
			path = "Be Right BackTests";
			sourceTree = "<group>";
		};
		BAC4CF342330A52400994BBA /* Be Right BackUITests */ = {
			isa = PBXGroup;
			children = (
				BAC4CF352330A52400994BBA /* Be_Right_BackUITests.swift */,
				BAC4CF372330A52400994BBA /* Info.plist */,
			);
			path = "Be Right BackUITests";
			sourceTree = "<group>";
		};
/* End PBXGroup section */

/* Begin PBXNativeTarget section */
		BAC4CF112330A52400994BBA /* Be Right Back */ = {
			isa = PBXNativeTarget;
			buildConfigurationList = BAC4CF3A2330A52400994BBA /* Build configuration list for PBXNativeTarget "Be Right Back" */;
			buildPhases = (
				BAC4CF0E2330A52400994BBA /* Sources */,
				BAC4CF0F2330A52400994BBA /* Frameworks */,
				BAC4CF102330A52400994BBA /* Resources */,
			);
			buildRules = (
			);
			dependencies = (
			);
			name = "Be Right Back";
			productName = "Be Right Back";
			productReference = BAC4CF122330A52400994BBA /* Be Right Back.app */;
			productType = "com.apple.product-type.application";
		};
		BAC4CF252330A52400994BBA /* Be Right BackTests */ = {
			isa = PBXNativeTarget;
			buildConfigurationList = BAC4CF3D2330A52400994BBA /* Build configuration list for PBXNativeTarget "Be Right BackTests" */;
			buildPhases = (
				BAC4CF222330A52400994BBA /* Sources */,
				BAC4CF232330A52400994BBA /* Frameworks */,
				BAC4CF242330A52400994BBA /* Resources */,
			);
			buildRules = (
			);
			dependencies = (
				BAC4CF282330A52400994BBA /* PBXTargetDependency */,
			);
			name = "Be Right BackTests";
			productName = "Be Right BackTests";
			productReference = BAC4CF262330A52400994BBA /* Be Right BackTests.xctest */;
			productType = "com.apple.product-type.bundle.unit-test";
		};
		BAC4CF302330A52400994BBA /* Be Right BackUITests */ = {
			isa = PBXNativeTarget;
			buildConfigurationList = BAC4CF402330A52400994BBA /* Build configuration list for PBXNativeTarget "Be Right BackUITests" */;
			buildPhases = (
				BAC4CF2D2330A52400994BBA /* Sources */,
				BAC4CF2E2330A52400994BBA /* Frameworks */,
				BAC4CF2F2330A52400994BBA /* Resources */,
			);
			buildRules = (
			);
			dependencies = (
				BAC4CF332330A52400994BBA /* PBXTargetDependency */,
			);
			name = "Be Right BackUITests";
			productName = "Be Right BackUITests";
			productReference = BAC4CF312330A52400994BBA /* Be Right BackUITests.xctest */;
			productType = "com.apple.product-type.bundle.ui-testing";
		};
/* End PBXNativeTarget section */

/* Begin PBXProject section */
		BAC4CF0A2330A52400994BBA /* Project object */ = {
			isa = PBXProject;
			attributes = {
				LastSwiftUpdateCheck = 1030;
				LastUpgradeCheck = 1030;
				ORGANIZATIONNAME = "Gilang Sinawang";
				TargetAttributes = {
					BAC4CF112330A52400994BBA = {
						CreatedOnToolsVersion = 10.3;
					};
					BAC4CF252330A52400994BBA = {
						CreatedOnToolsVersion = 10.3;
						TestTargetID = BAC4CF112330A52400994BBA;
					};
					BAC4CF302330A52400994BBA = {
						CreatedOnToolsVersion = 10.3;
						TestTargetID = BAC4CF112330A52400994BBA;
					};
				};
			};
			buildConfigurationList = BAC4CF0D2330A52400994BBA /* Build configuration list for PBXProject "Be Right Back" */;
			compatibilityVersion = "Xcode 9.3";
			developmentRegion = en;
			hasScannedForEncodings = 0;
			knownRegions = (
				en,
				Base,
			);
			mainGroup = BAC4CF092330A52400994BBA;
			productRefGroup = BAC4CF132330A52400994BBA /* Products */;
			projectDirPath = "";
			projectRoot = "";
			targets = (
				BAC4CF112330A52400994BBA /* Be Right Back */,
				BAC4CF252330A52400994BBA /* Be Right BackTests */,
				BAC4CF302330A52400994BBA /* Be Right BackUITests */,
			);
		};
/* End PBXProject section */

/* Begin PBXResourcesBuildPhase section */
		BAC4CF102330A52400994BBA /* Resources */ = {
			isa = PBXResourcesBuildPhase;
			buildActionMask = 2147483647;
			files = (
				BAC4CF202330A52400994BBA /* LaunchScreen.storyboard in Resources */,
				BAC4CF1D2330A52400994BBA /* Assets.xcassets in Resources */,
				BAC4CF1B2330A52400994BBA /* Main.storyboard in Resources */,
			);
			runOnlyForDeploymentPostprocessing = 0;
		};
		BAC4CF242330A52400994BBA /* Resources */ = {
			isa = PBXResourcesBuildPhase;
			buildActionMask = 2147483647;
			files = (
			);
			runOnlyForDeploymentPostprocessing = 0;
		};
		BAC4CF2F2330A52400994BBA /* Resources */ = {
			isa = PBXResourcesBuildPhase;
			buildActionMask = 2147483647;
			files = (
			);
			runOnlyForDeploymentPostprocessing = 0;
		};
/* End PBXResourcesBuildPhase section */

/* Begin PBXSourcesBuildPhase section */
		BAC4CF0E2330A52400994BBA /* Sources */ = {
			isa = PBXSourcesBuildPhase;
			buildActionMask = 2147483647;
			files = (
				BAC4CF182330A52400994BBA /* ViewController.swift in Sources */,
				BAC4CF162330A52400994BBA /* AppDelegate.swift in Sources */,
			);
			runOnlyForDeploymentPostprocessing = 0;
		};
		BAC4CF222330A52400994BBA /* Sources */ = {
			isa = PBXSourcesBuildPhase;
			buildActionMask = 2147483647;
			files = (
				BAC4CF2B2330A52400994BBA /* Be_Right_BackTests.swift in Sources */,
			);
			runOnlyForDeploymentPostprocessing = 0;
		};
		BAC4CF2D2330A52400994BBA /* Sources */ = {
			isa = PBXSourcesBuildPhase;
			buildActionMask = 2147483647;
			files = (
				BAC4CF362330A52400994BBA /* Be_Right_BackUITests.swift in Sources */,
			);
			runOnlyForDeploymentPostprocessing = 0;
		};
/* End PBXSourcesBuildPhase section */

/* Begin PBXTargetDependency section */
		BAC4CF282330A52400994BBA /* PBXTargetDependency */ = {
			isa = PBXTargetDependency;
			target = BAC4CF112330A52400994BBA /* Be Right Back */;
			targetProxy = BAC4CF272330A52400994BBA /* PBXContainerItemProxy */;
		};
		BAC4CF332330A52400994BBA /* PBXTargetDependency */ = {
			isa = PBXTargetDependency;
			target = BAC4CF112330A52400994BBA /* Be Right Back */;
			targetProxy = BAC4CF322330A52400994BBA /* PBXContainerItemProxy */;
		};
/* End PBXTargetDependency section */

/* Begin PBXVariantGroup section */
		BAC4CF192330A52400994BBA /* Main.storyboard */ = {
			isa = PBXVariantGroup;
			children = (
				BAC4CF1A2330A52400994BBA /* Base */,
			);
			name = Main.storyboard;
			sourceTree = "<group>";
		};
		BAC4CF1E2330A52400994BBA /* LaunchScreen.storyboard */ = {
			isa = PBXVariantGroup;
			children = (
				BAC4CF1F2330A52400994BBA /* Base */,
			);
			name = LaunchScreen.storyboard;
			sourceTree = "<group>";
		};
/* End PBXVariantGroup section */

/* Begin XCBuildConfiguration section */
		BAC4CF382330A52400994BBA /* Debug */ = {
			isa = XCBuildConfiguration;
			buildSettings = {
				ALWAYS_SEARCH_USER_PATHS = NO;
				CLANG_ANALYZER_NONNULL = YES;
				CLANG_ANALYZER_NUMBER_OBJECT_CONVERSION = YES_AGGRESSIVE;
				CLANG_CXX_LANGUAGE_STANDARD = "gnu++14";
				CLANG_CXX_LIBRARY = "libc++";
				CLANG_ENABLE_MODULES = YES;
				CLANG_ENABLE_OBJC_ARC = YES;
				CLANG_ENABLE_OBJC_WEAK = YES;
				CLANG_WARN_BLOCK_CAPTURE_AUTORELEASING = YES;
				CLANG_WARN_BOOL_CONVERSION = YES;
				CLANG_WARN_COMMA = YES;
				CLANG_WARN_CONSTANT_CONVERSION = YES;
				CLANG_WARN_DEPRECATED_OBJC_IMPLEMENTATIONS = YES;
				CLANG_WARN_DIRECT_OBJC_ISA_USAGE = YES_ERROR;
				CLANG_WARN_DOCUMENTATION_COMMENTS = YES;
				CLANG_WARN_EMPTY_BODY = YES;
				CLANG_WARN_ENUM_CONVERSION = YES;
				CLANG_WARN_INFINITE_RECURSION = YES;
				CLANG_WARN_INT_CONVERSION = YES;
				CLANG_WARN_NON_LITERAL_NULL_CONVERSION = YES;
				CLANG_WARN_OBJC_IMPLICIT_RETAIN_SELF = YES;
				CLANG_WARN_OBJC_LITERAL_CONVERSION = YES;
				CLANG_WARN_OBJC_ROOT_CLASS = YES_ERROR;
				CLANG_WARN_RANGE_LOOP_ANALYSIS = YES;
				CLANG_WARN_STRICT_PROTOTYPES = YES;
				CLANG_WARN_SUSPICIOUS_MOVE = YES;
				CLANG_WARN_UNGUARDED_AVAILABILITY = YES_AGGRESSIVE;
				CLANG_WARN_UNREACHABLE_CODE = YES;
				CLANG_WARN__DUPLICATE_METHOD_MATCH = YES;
				CODE_SIGN_IDENTITY = "iPhone Developer";
				COPY_PHASE_STRIP = NO;
				DEBUG_INFORMATION_FORMAT = dwarf;
				ENABLE_STRICT_OBJC_MSGSEND = YES;
				ENABLE_TESTABILITY = YES;
				GCC_C_LANGUAGE_STANDARD = gnu11;
				GCC_DYNAMIC_NO_PIC = NO;
				GCC_NO_COMMON_BLOCKS = YES;
				GCC_OPTIMIZATION_LEVEL = 0;
				GCC_PREPROCESSOR_DEFINITIONS = (
					"DEBUG=1",
					"$(inherited)",
				);
				GCC_WARN_64_TO_32_BIT_CONVERSION = YES;
				GCC_WARN_ABOUT_RETURN_TYPE = YES_ERROR;
				GCC_WARN_UNDECLARED_SELECTOR = YES;
				GCC_WARN_UNINITIALIZED_AUTOS = YES_AGGRESSIVE;
				GCC_WARN_UNUSED_FUNCTION = YES;
				GCC_WARN_UNUSED_VARIABLE = YES;
				IPHONEOS_DEPLOYMENT_TARGET = 12.4;
				MTL_ENABLE_DEBUG_INFO = INCLUDE_SOURCE;
				MTL_FAST_MATH = YES;
				ONLY_ACTIVE_ARCH = YES;
				SDKROOT = iphoneos;
				SWIFT_ACTIVE_COMPILATION_CONDITIONS = DEBUG;
				SWIFT_OPTIMIZATION_LEVEL = "-Onone";
			};
			name = Debug;
		};
		BAC4CF392330A52400994BBA /* Release */ = {
			isa = XCBuildConfiguration;
			buildSettings = {
				ALWAYS_SEARCH_USER_PATHS = NO;
				CLANG_ANALYZER_NONNULL = YES;
				CLANG_ANALYZER_NUMBER_OBJECT_CONVERSION = YES_AGGRESSIVE;
				CLANG_CXX_LANGUAGE_STANDARD = "gnu++14";
				CLANG_CXX_LIBRARY = "libc++";
				CLANG_ENABLE_MODULES = YES;
				CLANG_ENABLE_OBJC_ARC = YES;
				CLANG_ENABLE_OBJC_WEAK = YES;
				CLANG_WARN_BLOCK_CAPTURE_AUTORELEASING = YES;
				CLANG_WARN_BOOL_CONVERSION = YES;
				CLANG_WARN_COMMA = YES;
				CLANG_WARN_CONSTANT_CONVERSION = YES;
				CLANG_WARN_DEPRECATED_OBJC_IMPLEMENTATIONS = YES;
				CLANG_WARN_DIRECT_OBJC_ISA_USAGE = YES_ERROR;
				CLANG_WARN_DOCUMENTATION_COMMENTS = YES;
				CLANG_WARN_EMPTY_BODY = YES;
				CLANG_WARN_ENUM_CONVERSION = YES;
				CLANG_WARN_INFINITE_RECURSION = YES;
				CLANG_WARN_INT_CONVERSION = YES;
				CLANG_WARN_NON_LITERAL_NULL_CONVERSION = YES;
				CLANG_WARN_OBJC_IMPLICIT_RETAIN_SELF = YES;
				CLANG_WARN_OBJC_LITERAL_CONVERSION = YES;
				CLANG_WARN_OBJC_ROOT_CLASS = YES_ERROR;
				CLANG_WARN_RANGE_LOOP_ANALYSIS = YES;
				CLANG_WARN_STRICT_PROTOTYPES = YES;
				CLANG_WARN_SUSPICIOUS_MOVE = YES;
				CLANG_WARN_UNGUARDED_AVAILABILITY = YES_AGGRESSIVE;
				CLANG_WARN_UNREACHABLE_CODE = YES;
				CLANG_WARN__DUPLICATE_METHOD_MATCH = YES;
				CODE_SIGN_IDENTITY = "iPhone Developer";
				COPY_PHASE_STRIP = NO;
				DEBUG_INFORMATION_FORMAT = "dwarf-with-dsym";
				ENABLE_NS_ASSERTIONS = NO;
				ENABLE_STRICT_OBJC_MSGSEND = YES;
				GCC_C_LANGUAGE_STANDARD = gnu11;
				GCC_NO_COMMON_BLOCKS = YES;
				GCC_WARN_64_TO_32_BIT_CONVERSION = YES;
				GCC_WARN_ABOUT_RETURN_TYPE = YES_ERROR;
				GCC_WARN_UNDECLARED_SELECTOR = YES;
				GCC_WARN_UNINITIALIZED_AUTOS = YES_AGGRESSIVE;
				GCC_WARN_UNUSED_FUNCTION = YES;
				GCC_WARN_UNUSED_VARIABLE = YES;
				IPHONEOS_DEPLOYMENT_TARGET = 12.4;
				MTL_ENABLE_DEBUG_INFO = NO;
				MTL_FAST_MATH = YES;
				SDKROOT = iphoneos;
				SWIFT_COMPILATION_MODE = wholemodule;
				SWIFT_OPTIMIZATION_LEVEL = "-O";
				VALIDATE_PRODUCT = YES;
			};
			name = Release;
		};
		BAC4CF3B2330A52400994BBA /* Debug */ = {
			isa = XCBuildConfiguration;
			buildSettings = {
				ASSETCATALOG_COMPILER_APPICON_NAME = AppIcon;
				CODE_SIGN_STYLE = Automatic;
				DEVELOPMENT_TEAM = PWC92C5B75;
				INFOPLIST_FILE = "Be Right Back/Info.plist";
				LD_RUNPATH_SEARCH_PATHS = (
					"$(inherited)",
					"@executable_path/Frameworks",
				);
				PRODUCT_BUNDLE_IDENTIFIER = "com.gilangsinawang.Be-Right-Back";
				PRODUCT_NAME = "$(TARGET_NAME)";
				SWIFT_VERSION = 5.0;
				TARGETED_DEVICE_FAMILY = "1,2";
			};
			name = Debug;
		};
		BAC4CF3C2330A52400994BBA /* Release */ = {
			isa = XCBuildConfiguration;
			buildSettings = {
				ASSETCATALOG_COMPILER_APPICON_NAME = AppIcon;
				CODE_SIGN_STYLE = Automatic;
				DEVELOPMENT_TEAM = PWC92C5B75;
				INFOPLIST_FILE = "Be Right Back/Info.plist";
				LD_RUNPATH_SEARCH_PATHS = (
					"$(inherited)",
					"@executable_path/Frameworks",
				);
				PRODUCT_BUNDLE_IDENTIFIER = "com.gilangsinawang.Be-Right-Back";
				PRODUCT_NAME = "$(TARGET_NAME)";
				SWIFT_VERSION = 5.0;
				TARGETED_DEVICE_FAMILY = "1,2";
			};
			name = Release;
		};
		BAC4CF3E2330A52400994BBA /* Debug */ = {
			isa = XCBuildConfiguration;
			buildSettings = {
				ALWAYS_EMBED_SWIFT_STANDARD_LIBRARIES = YES;
				BUNDLE_LOADER = "$(TEST_HOST)";
				CODE_SIGN_STYLE = Automatic;
				DEVELOPMENT_TEAM = PWC92C5B75;
				INFOPLIST_FILE = "Be Right BackTests/Info.plist";
				LD_RUNPATH_SEARCH_PATHS = (
					"$(inherited)",
					"@executable_path/Frameworks",
					"@loader_path/Frameworks",
				);
				PRODUCT_BUNDLE_IDENTIFIER = "com.gilangsinawang.Be-Right-BackTests";
				PRODUCT_NAME = "$(TARGET_NAME)";
				SWIFT_VERSION = 5.0;
				TARGETED_DEVICE_FAMILY = "1,2";
				TEST_HOST = "$(BUILT_PRODUCTS_DIR)/Be Right Back.app/Be Right Back";
			};
			name = Debug;
		};
		BAC4CF3F2330A52400994BBA /* Release */ = {
			isa = XCBuildConfiguration;
			buildSettings = {
				ALWAYS_EMBED_SWIFT_STANDARD_LIBRARIES = YES;
				BUNDLE_LOADER = "$(TEST_HOST)";
				CODE_SIGN_STYLE = Automatic;
				DEVELOPMENT_TEAM = PWC92C5B75;
				INFOPLIST_FILE = "Be Right BackTests/Info.plist";
				LD_RUNPATH_SEARCH_PATHS = (
					"$(inherited)",
					"@executable_path/Frameworks",
					"@loader_path/Frameworks",
				);
				PRODUCT_BUNDLE_IDENTIFIER = "com.gilangsinawang.Be-Right-BackTests";
				PRODUCT_NAME = "$(TARGET_NAME)";
				SWIFT_VERSION = 5.0;
				TARGETED_DEVICE_FAMILY = "1,2";
				TEST_HOST = "$(BUILT_PRODUCTS_DIR)/Be Right Back.app/Be Right Back";
			};
			name = Release;
		};
		BAC4CF412330A52400994BBA /* Debug */ = {
			isa = XCBuildConfiguration;
			buildSettings = {
				ALWAYS_EMBED_SWIFT_STANDARD_LIBRARIES = YES;
				CODE_SIGN_STYLE = Automatic;
				DEVELOPMENT_TEAM = PWC92C5B75;
				INFOPLIST_FILE = "Be Right BackUITests/Info.plist";
				LD_RUNPATH_SEARCH_PATHS = (
					"$(inherited)",
					"@executable_path/Frameworks",
					"@loader_path/Frameworks",
				);
				PRODUCT_BUNDLE_IDENTIFIER = "com.gilangsinawang.Be-Right-BackUITests";
				PRODUCT_NAME = "$(TARGET_NAME)";
				SWIFT_VERSION = 5.0;
				TARGETED_DEVICE_FAMILY = "1,2";
				TEST_TARGET_NAME = "Be Right Back";
			};
			name = Debug;
		};
		BAC4CF422330A52400994BBA /* Release */ = {
			isa = XCBuildConfiguration;
			buildSettings = {
				ALWAYS_EMBED_SWIFT_STANDARD_LIBRARIES = YES;
				CODE_SIGN_STYLE = Automatic;
				DEVELOPMENT_TEAM = PWC92C5B75;
				INFOPLIST_FILE = "Be Right BackUITests/Info.plist";
				LD_RUNPATH_SEARCH_PATHS = (
					"$(inherited)",
					"@executable_path/Frameworks",
					"@loader_path/Frameworks",
				);
				PRODUCT_BUNDLE_IDENTIFIER = "com.gilangsinawang.Be-Right-BackUITests";
				PRODUCT_NAME = "$(TARGET_NAME)";
				SWIFT_VERSION = 5.0;
				TARGETED_DEVICE_FAMILY = "1,2";
				TEST_TARGET_NAME = "Be Right Back";
			};
			name = Release;
		};
/* End XCBuildConfiguration section */

/* Begin XCConfigurationList section */
		BAC4CF0D2330A52400994BBA /* Build configuration list for PBXProject "Be Right Back" */ = {
			isa = XCConfigurationList;
			buildConfigurations = (
				BAC4CF382330A52400994BBA /* Debug */,
				BAC4CF392330A52400994BBA /* Release */,
			);
			defaultConfigurationIsVisible = 0;
			defaultConfigurationName = Release;
		};
		BAC4CF3A2330A52400994BBA /* Build configuration list for PBXNativeTarget "Be Right Back" */ = {
			isa = XCConfigurationList;
			buildConfigurations = (
				BAC4CF3B2330A52400994BBA /* Debug */,
				BAC4CF3C2330A52400994BBA /* Release */,
			);
			defaultConfigurationIsVisible = 0;
			defaultConfigurationName = Release;
		};
		BAC4CF3D2330A52400994BBA /* Build configuration list for PBXNativeTarget "Be Right BackTests" */ = {
			isa = XCConfigurationList;
			buildConfigurations = (
				BAC4CF3E2330A52400994BBA /* Debug */,
				BAC4CF3F2330A52400994BBA /* Release */,
			);
			defaultConfigurationIsVisible = 0;
			defaultConfigurationName = Release;
		};
		BAC4CF402330A52400994BBA /* Build configuration list for PBXNativeTarget "Be Right BackUITests" */ = {
			isa = XCConfigurationList;
			buildConfigurations = (
				BAC4CF412330A52400994BBA /* Debug */,
				BAC4CF422330A52400994BBA /* Release */,
			);
			defaultConfigurationIsVisible = 0;
			defaultConfigurationName = Release;
		};
/* End XCConfigurationList section */
	};
	rootObject = BAC4CF0A2330A52400994BBA /* Project object */;
}
